<?xml version="1.0" encoding="utf-8"?>
<Project ToolsVersion="4.0" xmlns="http://schemas.microsoft.com/developer/msbuild/2003">
  <ItemGroup>
    <Filter Include="Source Files">
      <UniqueIdentifier>{4FC737F1-C7A5-4376-A066-2A32D752A2FF}</UniqueIdentifier>
      <Extensions>cpp;c;cc;cxx;c++;cppm;ixx;def;odl;idl;hpj;bat;asm;asmx</Extensions>
    </Filter>
    <Filter Include="Header Files">
      <UniqueIdentifier>{93995380-89BD-4b04-88EB-625FBE52EBFB}</UniqueIdentifier>
      <Extensions>h;hh;hpp;hxx;h++;hm;inl;inc;ipp;xsd</Extensions>
    </Filter>
    <Filter Include="Resource Files">
      <UniqueIdentifier>{67DA6AB6-F800-4c08-8B7A-83BB121AAD01}</UniqueIdentifier>
      <Extensions>rc;ico;cur;bmp;dlg;rc2;rct;bin;rgs;gif;jpg;jpeg;jpe;resx;tiff;tif;png;wav;mfcribbon-ms</Extensions>
    </Filter>
    <Filter Include="Source Files\SCENES">
      <UniqueIdentifier>{13a1a55b-cea4-4ecf-bf34-065fdfb44787}</UniqueIdentifier>
    </Filter>
    <Filter Include="Header Files\SCENES">
      <UniqueIdentifier>{1d73b3c3-8d11-43f8-85db-615d1a8f0a1d}</UniqueIdentifier>
    </Filter>
    <Filter Include="Source Files\OBJECTS">
      <UniqueIdentifier>{82d33366-7776-4687-a8e1-69827c9533df}</UniqueIdentifier>
    </Filter>
    <Filter Include="Header Files\OBJECTS">
      <UniqueIdentifier>{6224f1dd-51e2-4bef-99d1-3d4b873f533d}</UniqueIdentifier>
    </Filter>
  </ItemGroup>
  <ItemGroup>
    <ClInclude Include="GameEngine.h">
      <Filter>Header Files</Filter>
    </ClInclude>
    <ClInclude Include="InputManager.h">
      <Filter>Header Files</Filter>
    </ClInclude>
    <ClInclude Include="GamePlayScene.h">
      <Filter>Header Files\SCENES</Filter>
    </ClInclude>
    <ClInclude Include="HighScoresScene.h">
      <Filter>Header Files\SCENES</Filter>
    </ClInclude>
    <ClInclude Include="MenuScene.h">
      <Filter>Header Files\SCENES</Filter>
    </ClInclude>
    <ClInclude Include="Utils.h">
      <Filter>Header Files</Filter>
    </ClInclude>
    <ClInclude Include="SpaceShip.h">
      <Filter>Header Files\OBJECTS</Filter>
    </ClInclude>
    <ClInclude Include="UIText.h">
      <Filter>Header Files</Filter>
    </ClInclude>
    <ClInclude Include="GameObject.h">
      <Filter>Header Files\OBJECTS</Filter>
    </ClInclude>
    <ClInclude Include="Scene.h">
      <Filter>Header Files\SCENES</Filter>
    </ClInclude>
  </ItemGroup>
  <ItemGroup>
    <ClCompile Include="GameEngine.cpp">
      <Filter>Source Files</Filter>
    </ClCompile>
    <ClCompile Include="main.cpp">
      <Filter>Source Files</Filter>
    </ClCompile>
    <ClCompile Include="InputManager.cpp">
      <Filter>Source Files</Filter>
    </ClCompile>
    <ClCompile Include="GamePlayScene.cpp">
      <Filter>Source Files\SCENES</Filter>
    </ClCompile>
    <ClCompile Include="HighScoresScene.cpp">
      <Filter>Source Files\SCENES</Filter>
    </ClCompile>
    <ClCompile Include="MenuScene.cpp">
      <Filter>Source Files\SCENES</Filter>
    </ClCompile>
    <ClCompile Include="SpaceShip.cpp">
      <Filter>Source Files\OBJECTS</Filter>
    </ClCompile>
    <ClCompile Include="GameObject.cpp">
      <Filter>Source Files\OBJECTS</Filter>
    </ClCompile>
    <ClCompile Include="UIText.cpp">
      <Filter>Source Files</Filter>
    </ClCompile>
  </ItemGroup>
  <ItemGroup>
    <Image Include="resources\logo.png">
      <Filter>Resource Files</Filter>
    </Image>
    <Image Include="resources\asteroids_spritesheet.png">
      <Filter>Resource Files</Filter>
    </Image>
  </ItemGroup>
  <ItemGroup>
    <Font Include="resources\PixelPowerline-9xOK.ttf">
      <Filter>Resource Files</Filter>
    </Font>
  </ItemGroup>
</Project>